
Microsoft Visual Studio Solution File, Format Version 12.00
# Visual Studio 15
Project("{FAE04EC0-301F-11D3-BF4B-00C04F79EFBC}") = "Assembly-CSharp", "Assembly-CSharp.csproj", "{7B06FBB2-613C-4006-8443-ED3F0A3B740F}"
EndProject
Project("{FAE04EC0-301F-11D3-BF4B-00C04F79EFBC}") = "NavMeshPlus", "NavMeshPlus.csproj", "{099B60A1-B88A-1837-282E-AB10A621B18C}"
EndProject
Project("{FAE04EC0-301F-11D3-BF4B-00C04F79EFBC}") = "NavMeshPlusEditor", "NavMeshPlusEditor.csproj", "{614F26C1-F7CA-E2FD-B8F7-F8B44C9899DD}"
EndProject
Project("{FAE04EC0-301F-11D3-BF4B-00C04F79EFBC}") = "Tests1", "Tests1.csproj", "{4BA75ACD-6E7D-B293-4B74-D26CF13A9E3A}"
EndProject
Global
	GlobalSection(SolutionConfigurationPlatforms) = preSolution
		Debug|Any CPU = Debug|Any CPU
		Release|Any CPU = Release|Any CPU
	EndGlobalSection
	GlobalSection(ProjectConfigurationPlatforms) = postSolution
		{7B06FBB2-613C-4006-8443-ED3F0A3B740F}.Debug|Any CPU.ActiveCfg = Debug|Any CPU
		{7B06FBB2-613C-4006-8443-ED3F0A3B740F}.Debug|Any CPU.Build.0 = Debug|Any CPU
		{7B06FBB2-613C-4006-8443-ED3F0A3B740F}.Release|Any CPU.ActiveCfg = Release|Any CPU
		{7B06FBB2-613C-4006-8443-ED3F0A3B740F}.Release|Any CPU.Build.0 = Release|Any CPU
		{099B60A1-B88A-1837-282E-AB10A621B18C}.Debug|Any CPU.ActiveCfg = Debug|Any CPU
		{099B60A1-B88A-1837-282E-AB10A621B18C}.Debug|Any CPU.Build.0 = Debug|Any CPU
		{099B60A1-B88A-1837-282E-AB10A621B18C}.Release|Any CPU.ActiveCfg = Release|Any CPU
		{099B60A1-B88A-1837-282E-AB10A621B18C}.Release|Any CPU.Build.0 = Release|Any CPU
		{614F26C1-F7CA-E2FD-B8F7-F8B44C9899DD}.Debug|Any CPU.ActiveCfg = Debug|Any CPU
		{614F26C1-F7CA-E2FD-B8F7-F8B44C9899DD}.Debug|Any CPU.Build.0 = Debug|Any CPU
		{614F26C1-F7CA-E2FD-B8F7-F8B44C9899DD}.Release|Any CPU.ActiveCfg = Release|Any CPU
		{614F26C1-F7CA-E2FD-B8F7-F8B44C9899DD}.Release|Any CPU.Build.0 = Release|Any CPU
		{4BA75ACD-6E7D-B293-4B74-D26CF13A9E3A}.Debug|Any CPU.ActiveCfg = Debug|Any CPU
		{4BA75ACD-6E7D-B293-4B74-D26CF13A9E3A}.Debug|Any CPU.Build.0 = Debug|Any CPU
		{4BA75ACD-6E7D-B293-4B74-D26CF13A9E3A}.Release|Any CPU.ActiveCfg = Release|Any CPU
		{4BA75ACD-6E7D-B293-4B74-D26CF13A9E3A}.Release|Any CPU.Build.0 = Release|Any CPU
	EndGlobalSection
	GlobalSection(SolutionProperties) = preSolution
		HideSolutionNode = FALSE
	EndGlobalSection
EndGlobal
